
Microsoft Visual Studio Solution File, Format Version 12.00
# Visual Studio 2017
Project("{FAE04EC0-301F-11D3-BF4B-00C04F79EFBC}") = "Topdown-roguelike-shooter - Copy", "Topdown-roguelike-shooter - Copy.csproj", "{4253FE53-1EB7-EA93-9DAA-57D7A23C2DC5}"
EndProject
Project("{FAE04EC0-301F-11D3-BF4B-00C04F79EFBC}") = "Topdown-roguelike-shooter - Copy.Editor", "Topdown-roguelike-shooter - Copy.Editor.csproj", "{B55F8DF1-8D7C-CED2-3A76-AA2CCD1F5540}"
EndProject
Global
	GlobalSection(SolutionConfigurationPlatforms) = preSolution
		Debug|Any CPU = Debug|Any CPU
		Release|Any CPU = Release|Any CPU
	EndGlobalSection
	GlobalSection(ProjectConfigurationPlatforms) = postSolution
		{4253FE53-1EB7-EA93-9DAA-57D7A23C2DC5}.Debug|Any CPU.ActiveCfg = Debug|Any CPU
		{4253FE53-1EB7-EA93-9DAA-57D7A23C2DC5}.Debug|Any CPU.Build.0 = Debug|Any CPU
		{4253FE53-1EB7-EA93-9DAA-57D7A23C2DC5}.Release|Any CPU.ActiveCfg = Release|Any CPU
		{4253FE53-1EB7-EA93-9DAA-57D7A23C2DC5}.Release|Any CPU.Build.0 = Release|Any CPU
		{B55F8DF1-8D7C-CED2-3A76-AA2CCD1F5540}.Debug|Any CPU.ActiveCfg = Debug|Any CPU
		{B55F8DF1-8D7C-CED2-3A76-AA2CCD1F5540}.Debug|Any CPU.Build.0 = Debug|Any CPU
		{B55F8DF1-8D7C-CED2-3A76-AA2CCD1F5540}.Release|Any CPU.ActiveCfg = Release|Any CPU
		{B55F8DF1-8D7C-CED2-3A76-AA2CCD1F5540}.Release|Any CPU.Build.0 = Release|Any CPU
	EndGlobalSection
	GlobalSection(SolutionProperties) = preSolution
		HideSolutionNode = FALSE
	EndGlobalSection
EndGlobal
